
Microsoft Visual Studio Solution File, Format Version 12.00
# Visual Studio Version 16
VisualStudioVersion = 16.0.30114.105
MinimumVisualStudioVersion = 10.0.40219.1
Project("{2150E333-8FDC-42A3-9474-1A3956D46DE8}") = "src", "src", "{85E97782-1B91-48EE-A6E7-F1E7A6B2C2AF}"
EndProject
Project("{FAE04EC0-301F-11D3-BF4B-00C04F79EFBC}") = "BusinessHours.Api", "src\BusinessHours.Api\BusinessHours.Api.csproj", "{1BA8B3C5-CB5C-43DC-9C2C-3D72ED59E602}"
EndProject
Project("{FAE04EC0-301F-11D3-BF4B-00C04F79EFBC}") = "BusinessHours.Domain", "src\BusinessHours.Domain\BusinessHours.Domain.csproj", "{2DE54E34-9641-4059-A0BB-58220AFCBF1C}"
EndProject
Project("{FAE04EC0-301F-11D3-BF4B-00C04F79EFBC}") = "BusinessHours.CrossCutting", "src\BusinessHours.CrossCutting\BusinessHours.CrossCutting.csproj", "{B696F5E5-674F-410E-B3A1-2853D0843D99}"
EndProject
Global
	GlobalSection(SolutionConfigurationPlatforms) = preSolution
		Debug|Any CPU = Debug|Any CPU
		Debug|x64 = Debug|x64
		Debug|x86 = Debug|x86
		Release|Any CPU = Release|Any CPU
		Release|x64 = Release|x64
		Release|x86 = Release|x86
	EndGlobalSection
	GlobalSection(SolutionProperties) = preSolution
		HideSolutionNode = FALSE
	EndGlobalSection
	GlobalSection(ProjectConfigurationPlatforms) = postSolution
		{1BA8B3C5-CB5C-43DC-9C2C-3D72ED59E602}.Debug|Any CPU.ActiveCfg = Debug|Any CPU
		{1BA8B3C5-CB5C-43DC-9C2C-3D72ED59E602}.Debug|Any CPU.Build.0 = Debug|Any CPU
		{1BA8B3C5-CB5C-43DC-9C2C-3D72ED59E602}.Debug|x64.ActiveCfg = Debug|Any CPU
		{1BA8B3C5-CB5C-43DC-9C2C-3D72ED59E602}.Debug|x64.Build.0 = Debug|Any CPU
		{1BA8B3C5-CB5C-43DC-9C2C-3D72ED59E602}.Debug|x86.ActiveCfg = Debug|Any CPU
		{1BA8B3C5-CB5C-43DC-9C2C-3D72ED59E602}.Debug|x86.Build.0 = Debug|Any CPU
		{1BA8B3C5-CB5C-43DC-9C2C-3D72ED59E602}.Release|Any CPU.ActiveCfg = Release|Any CPU
		{1BA8B3C5-CB5C-43DC-9C2C-3D72ED59E602}.Release|Any CPU.Build.0 = Release|Any CPU
		{1BA8B3C5-CB5C-43DC-9C2C-3D72ED59E602}.Release|x64.ActiveCfg = Release|Any CPU
		{1BA8B3C5-CB5C-43DC-9C2C-3D72ED59E602}.Release|x64.Build.0 = Release|Any CPU
		{1BA8B3C5-CB5C-43DC-9C2C-3D72ED59E602}.Release|x86.ActiveCfg = Release|Any CPU
		{1BA8B3C5-CB5C-43DC-9C2C-3D72ED59E602}.Release|x86.Build.0 = Release|Any CPU
		{2DE54E34-9641-4059-A0BB-58220AFCBF1C}.Debug|Any CPU.ActiveCfg = Debug|Any CPU
		{2DE54E34-9641-4059-A0BB-58220AFCBF1C}.Debug|Any CPU.Build.0 = Debug|Any CPU
		{2DE54E34-9641-4059-A0BB-58220AFCBF1C}.Debug|x64.ActiveCfg = Debug|Any CPU
		{2DE54E34-9641-4059-A0BB-58220AFCBF1C}.Debug|x64.Build.0 = Debug|Any CPU
		{2DE54E34-9641-4059-A0BB-58220AFCBF1C}.Debug|x86.ActiveCfg = Debug|Any CPU
		{2DE54E34-9641-4059-A0BB-58220AFCBF1C}.Debug|x86.Build.0 = Debug|Any CPU
		{2DE54E34-9641-4059-A0BB-58220AFCBF1C}.Release|Any CPU.ActiveCfg = Release|Any CPU
		{2DE54E34-9641-4059-A0BB-58220AFCBF1C}.Release|Any CPU.Build.0 = Release|Any CPU
		{2DE54E34-9641-4059-A0BB-58220AFCBF1C}.Release|x64.ActiveCfg = Release|Any CPU
		{2DE54E34-9641-4059-A0BB-58220AFCBF1C}.Release|x64.Build.0 = Release|Any CPU
		{2DE54E34-9641-4059-A0BB-58220AFCBF1C}.Release|x86.ActiveCfg = Release|Any CPU
		{2DE54E34-9641-4059-A0BB-58220AFCBF1C}.Release|x86.Build.0 = Release|Any CPU
		{B696F5E5-674F-410E-B3A1-2853D0843D99}.Debug|Any CPU.ActiveCfg = Debug|Any CPU
		{B696F5E5-674F-410E-B3A1-2853D0843D99}.Debug|Any CPU.Build.0 = Debug|Any CPU
		{B696F5E5-674F-410E-B3A1-2853D0843D99}.Debug|x64.ActiveCfg = Debug|Any CPU
		{B696F5E5-674F-410E-B3A1-2853D0843D99}.Debug|x64.Build.0 = Debug|Any CPU
		{B696F5E5-674F-410E-B3A1-2853D0843D99}.Debug|x86.ActiveCfg = Debug|Any CPU
		{B696F5E5-674F-410E-B3A1-2853D0843D99}.Debug|x86.Build.0 = Debug|Any CPU
		{B696F5E5-674F-410E-B3A1-2853D0843D99}.Release|Any CPU.ActiveCfg = Release|Any CPU
		{B696F5E5-674F-410E-B3A1-2853D0843D99}.Release|Any CPU.Build.0 = Release|Any CPU
		{B696F5E5-674F-410E-B3A1-2853D0843D99}.Release|x64.ActiveCfg = Release|Any CPU
		{B696F5E5-674F-410E-B3A1-2853D0843D99}.Release|x64.Build.0 = Release|Any CPU
		{B696F5E5-674F-410E-B3A1-2853D0843D99}.Release|x86.ActiveCfg = Release|Any CPU
		{B696F5E5-674F-410E-B3A1-2853D0843D99}.Release|x86.Build.0 = Release|Any CPU
	EndGlobalSection
	GlobalSection(NestedProjects) = preSolution
		{1BA8B3C5-CB5C-43DC-9C2C-3D72ED59E602} = {85E97782-1B91-48EE-A6E7-F1E7A6B2C2AF}
		{2DE54E34-9641-4059-A0BB-58220AFCBF1C} = {85E97782-1B91-48EE-A6E7-F1E7A6B2C2AF}
		{B696F5E5-674F-410E-B3A1-2853D0843D99} = {85E97782-1B91-48EE-A6E7-F1E7A6B2C2AF}
	EndGlobalSection
EndGlobal
